
Microsoft Visual Studio Solution File, Format Version 12.00
# Visual Studio Version 17
VisualStudioVersion = 17.14.36127.28 d17.14
MinimumVisualStudioVersion = 10.0.40219.1
Project("{FAE04EC0-301F-11D3-BF4B-00C04F79EFBC}") = "TypeConversion", "TypeConversion\TypeConversion.csproj", "{9000A96F-81E2-4DB3-88C3-DA42864CCD32}"
EndProject
Global
	GlobalSection(SolutionConfigurationPlatforms) = preSolution
		Debug|Any CPU = Debug|Any CPU
		Release|Any CPU = Release|Any CPU
	EndGlobalSection
	GlobalSection(ProjectConfigurationPlatforms) = postSolution
		{9000A96F-81E2-4DB3-88C3-DA42864CCD32}.Debug|Any CPU.ActiveCfg = Debug|Any CPU
		{9000A96F-81E2-4DB3-88C3-DA42864CCD32}.Debug|Any CPU.Build.0 = Debug|Any CPU
		{9000A96F-81E2-4DB3-88C3-DA42864CCD32}.Release|Any CPU.ActiveCfg = Release|Any CPU
		{9000A96F-81E2-4DB3-88C3-DA42864CCD32}.Release|Any CPU.Build.0 = Release|Any CPU
	EndGlobalSection
	GlobalSection(SolutionProperties) = preSolution
		HideSolutionNode = FALSE
	EndGlobalSection
	GlobalSection(ExtensibilityGlobals) = postSolution
		SolutionGuid = {223A2188-BF5B-49D1-8441-570B0EE6B4D4}
	EndGlobalSection
EndGlobal
